// !$*UTF8*$!
{
	archiveVersion = 1;
	classes = {
	};
	objectVersion = 48;
	objects = {

/* Begin PBXBuildFile section */
		4740FED826505DEB30FD488C /* Pods_Clima.framework in Frameworks */ = {isa = PBXBuildFile; fileRef = 8F3544843A953A79F29490B3 /* Pods_Clima.framework */; };
		A765CAD3205C0B00004367BC /* AppDelegate.swift in Sources */ = {isa = PBXBuildFile; fileRef = A765CAD2205C0B00004367BC /* AppDelegate.swift */; };
		A765CAD5205C0B00004367BC /* ChangeCityViewController.swift in Sources */ = {isa = PBXBuildFile; fileRef = A765CAD4205C0B00004367BC /* ChangeCityViewController.swift */; };
		A765CAD8205C0B00004367BC /* Main.storyboard in Resources */ = {isa = PBXBuildFile; fileRef = A765CAD6205C0B00004367BC /* Main.storyboard */; };
		A765CADA205C0B00004367BC /* Assets.xcassets in Resources */ = {isa = PBXBuildFile; fileRef = A765CAD9205C0B00004367BC /* Assets.xcassets */; };
		A765CADD205C0B00004367BC /* LaunchScreen.storyboard in Resources */ = {isa = PBXBuildFile; fileRef = A765CADB205C0B00004367BC /* LaunchScreen.storyboard */; };
		A765CAE9205C5CA6004367BC /* WeatherViewController.swift in Sources */ = {isa = PBXBuildFile; fileRef = A765CAE8205C5CA6004367BC /* WeatherViewController.swift */; };
		A765CAEB205C5D13004367BC /* WeatherDataModel.swift in Sources */ = {isa = PBXBuildFile; fileRef = A765CAEA205C5D13004367BC /* WeatherDataModel.swift */; };
/* End PBXBuildFile section */

/* Begin PBXFileReference section */
		8F3544843A953A79F29490B3 /* Pods_Clima.framework */ = {isa = PBXFileReference; explicitFileType = wrapper.framework; includeInIndex = 0; path = Pods_Clima.framework; sourceTree = BUILT_PRODUCTS_DIR; };
		A765CACF205C0B00004367BC /* Clima.app */ = {isa = PBXFileReference; explicitFileType = wrapper.application; includeInIndex = 0; path = Clima.app; sourceTree = BUILT_PRODUCTS_DIR; };
		A765CAD2205C0B00004367BC /* AppDelegate.swift */ = {isa = PBXFileReference; lastKnownFileType = sourcecode.swift; path = AppDelegate.swift; sourceTree = "<group>"; };
		A765CAD4205C0B00004367BC /* ChangeCityViewController.swift */ = {isa = PBXFileReference; lastKnownFileType = sourcecode.swift; path = ChangeCityViewController.swift; sourceTree = "<group>"; };
		A765CAD7205C0B00004367BC /* Base */ = {isa = PBXFileReference; lastKnownFileType = file.storyboard; name = Base; path = Base.lproj/Main.storyboard; sourceTree = "<group>"; };
		A765CAD9205C0B00004367BC /* Assets.xcassets */ = {isa = PBXFileReference; lastKnownFileType = folder.assetcatalog; path = Assets.xcassets; sourceTree = "<group>"; };
		A765CADC205C0B00004367BC /* Base */ = {isa = PBXFileReference; lastKnownFileType = file.storyboard; name = Base; path = Base.lproj/LaunchScreen.storyboard; sourceTree = "<group>"; };
		A765CAE8205C5CA6004367BC /* WeatherViewController.swift */ = {isa = PBXFileReference; lastKnownFileType = sourcecode.swift; path = WeatherViewController.swift; sourceTree = "<group>"; };
		A765CAEA205C5D13004367BC /* WeatherDataModel.swift */ = {isa = PBXFileReference; lastKnownFileType = sourcecode.swift; path = WeatherDataModel.swift; sourceTree = "<group>"; };
		A7A272F7205C6A3B00D73009 /* Info.plist */ = {isa = PBXFileReference; fileEncoding = 4; lastKnownFileType = text.plist.xml; name = Info.plist; path = Clima/Info.plist; sourceTree = SOURCE_ROOT; };
		C8CD648CE5C263DE251EDE0E /* Pods-Clima.debug.xcconfig */ = {isa = PBXFileReference; includeInIndex = 1; lastKnownFileType = text.xcconfig; name = "Pods-Clima.debug.xcconfig"; path = "Pods/Target Support Files/Pods-Clima/Pods-Clima.debug.xcconfig"; sourceTree = "<group>"; };
		DBC6BAD0D40B6FD234F8C175 /* Pods-Clima.release.xcconfig */ = {isa = PBXFileReference; includeInIndex = 1; lastKnownFileType = text.xcconfig; name = "Pods-Clima.release.xcconfig"; path = "Pods/Target Support Files/Pods-Clima/Pods-Clima.release.xcconfig"; sourceTree = "<group>"; };
/* End PBXFileReference section */

/* Begin PBXFrameworksBuildPhase section */
		A765CACC205C0B00004367BC /* Frameworks */ = {
			isa = PBXFrameworksBuildPhase;
			buildActionMask = 2147483647;
			files = (
				4740FED826505DEB30FD488C /* Pods_Clima.framework in Frameworks */,
			);
			runOnlyForDeploymentPostprocessing = 0;
		};
/* End PBXFrameworksBuildPhase section */

/* Begin PBXGroup section */
		77B7579FD36F47CBB5881938 /* Pods */ = {
			isa = PBXGroup;
			children = (
				C8CD648CE5C263DE251EDE0E /* Pods-Clima.debug.xcconfig */,
				DBC6BAD0D40B6FD234F8C175 /* Pods-Clima.release.xcconfig */,
			);
			name = Pods;
			sourceTree = "<group>";
		};
		A765CAC6205C0B00004367BC = {
			isa = PBXGroup;
			children = (
				A765CAD1205C0B00004367BC /* Clima */,
				A765CAD0205C0B00004367BC /* Products */,
				77B7579FD36F47CBB5881938 /* Pods */,
				EEB5AE292887423742EA4781 /* Frameworks */,
			);
			sourceTree = "<group>";
		};
		A765CAD0205C0B00004367BC /* Products */ = {
			isa = PBXGroup;
			children = (
				A765CACF205C0B00004367BC /* Clima.app */,
			);
			name = Products;
			sourceTree = "<group>";
		};
		A765CAD1205C0B00004367BC /* Clima */ = {
			isa = PBXGroup;
			children = (
				A765CAE5205C5BFF004367BC /* View */,
				A765CAE4205C5BE6004367BC /* Model */,
				A765CAE6205C5C08004367BC /* Controller */,
				A765CAD9205C0B00004367BC /* Assets.xcassets */,
				A765CADB205C0B00004367BC /* LaunchScreen.storyboard */,
				A7A272F6205C6A1500D73009 /* Supporting Files */,
			);
			path = Clima;
			sourceTree = "<group>";
		};
		A765CAE4205C5BE6004367BC /* Model */ = {
			isa = PBXGroup;
			children = (
				A765CAEA205C5D13004367BC /* WeatherDataModel.swift */,
			);
			path = Model;
			sourceTree = "<group>";
		};
		A765CAE5205C5BFF004367BC /* View */ = {
			isa = PBXGroup;
			children = (
				A765CAD6205C0B00004367BC /* Main.storyboard */,
			);
			path = View;
			sourceTree = "<group>";
		};
		A765CAE6205C5C08004367BC /* Controller */ = {
			isa = PBXGroup;
			children = (
				A765CAD4205C0B00004367BC /* ChangeCityViewController.swift */,
				A765CAE8205C5CA6004367BC /* WeatherViewController.swift */,
				A765CAD2205C0B00004367BC /* AppDelegate.swift */,
			);
			path = Controller;
			sourceTree = "<group>";
		};
		A7A272F6205C6A1500D73009 /* Supporting Files */ = {
			isa = PBXGroup;
			children = (
				A7A272F7205C6A3B00D73009 /* Info.plist */,
			);
			path = "Supporting Files";
			sourceTree = "<group>";
		};
		EEB5AE292887423742EA4781 /* Frameworks */ = {
			isa = PBXGroup;
			children = (
				8F3544843A953A79F29490B3 /* Pods_Clima.framework */,
			);
			name = Frameworks;
			sourceTree = "<group>";
		};
/* End PBXGroup section */

/* Begin PBXNativeTarget section */
		A765CACE205C0B00004367BC /* Clima */ = {
			isa = PBXNativeTarget;
			buildConfigurationList = A765CAE1205C0B00004367BC /* Build configuration list for PBXNativeTarget "Clima" */;
			buildPhases = (
				AF73130B0BA107C74A883B49 /* [CP] Check Pods Manifest.lock */,
				A765CACB205C0B00004367BC /* Sources */,
				A765CACC205C0B00004367BC /* Frameworks */,
				A765CACD205C0B00004367BC /* Resources */,
				6E33EABBFED23970FB1E4AE7 /* [CP] Embed Pods Frameworks */,
				DB721C33F4B0DF4D7F0F34EA /* [CP] Copy Pods Resources */,
			);
			buildRules = (
			);
			dependencies = (
			);
			name = Clima;
			productName = Clima;
			productReference = A765CACF205C0B00004367BC /* Clima.app */;
			productType = "com.apple.product-type.application";
		};
/* End PBXNativeTarget section */

/* Begin PBXProject section */
		A765CAC7205C0B00004367BC /* Project object */ = {
			isa = PBXProject;
			attributes = {
				LastSwiftUpdateCheck = 0920;
				LastUpgradeCheck = 0920;
				ORGANIZATIONNAME = "Marion FANJAUD";
				TargetAttributes = {
					A765CACE205C0B00004367BC = {
						CreatedOnToolsVersion = 9.2;
						ProvisioningStyle = Automatic;
					};
				};
			};
			buildConfigurationList = A765CACA205C0B00004367BC /* Build configuration list for PBXProject "Clima" */;
			compatibilityVersion = "Xcode 8.0";
			developmentRegion = en;
			hasScannedForEncodings = 0;
			knownRegions = (
				en,
				Base,
			);
			mainGroup = A765CAC6205C0B00004367BC;
			productRefGroup = A765CAD0205C0B00004367BC /* Products */;
			projectDirPath = "";
			projectRoot = "";
			targets = (
				A765CACE205C0B00004367BC /* Clima */,
			);
		};
/* End PBXProject section */

/* Begin PBXResourcesBuildPhase section */
		A765CACD205C0B00004367BC /* Resources */ = {
			isa = PBXResourcesBuildPhase;
			buildActionMask = 2147483647;
			files = (
				A765CADD205C0B00004367BC /* LaunchScreen.storyboard in Resources */,
				A765CADA205C0B00004367BC /* Assets.xcassets in Resources */,
				A765CAD8205C0B00004367BC /* Main.storyboard in Resources */,
			);
			runOnlyForDeploymentPostprocessing = 0;
		};
/* End PBXResourcesBuildPhase section */

/* Begin PBXShellScriptBuildPhase section */
		6E33EABBFED23970FB1E4AE7 /* [CP] Embed Pods Frameworks */ = {
			isa = PBXShellScriptBuildPhase;
			buildActionMask = 2147483647;
			files = (
			);
			inputPaths = (
				"${SRCROOT}/Pods/Target Support Files/Pods-Clima/Pods-Clima-frameworks.sh",
				"${BUILT_PRODUCTS_DIR}/Alamofire/Alamofire.framework",
				"${BUILT_PRODUCTS_DIR}/SVProgressHUD/SVProgressHUD.framework",
				"${BUILT_PRODUCTS_DIR}/SwiftyJSON/SwiftyJSON.framework",
			);
			name = "[CP] Embed Pods Frameworks";
			outputPaths = (
				"${TARGET_BUILD_DIR}/${FRAMEWORKS_FOLDER_PATH}/Alamofire.framework",
				"${TARGET_BUILD_DIR}/${FRAMEWORKS_FOLDER_PATH}/SVProgressHUD.framework",
				"${TARGET_BUILD_DIR}/${FRAMEWORKS_FOLDER_PATH}/SwiftyJSON.framework",
			);
			runOnlyForDeploymentPostprocessing = 0;
			shellPath = /bin/sh;
			shellScript = "\"${SRCROOT}/Pods/Target Support Files/Pods-Clima/Pods-Clima-frameworks.sh\"\n";
			showEnvVarsInLog = 0;
		};
		AF73130B0BA107C74A883B49 /* [CP] Check Pods Manifest.lock */ = {
			isa = PBXShellScriptBuildPhase;
			buildActionMask = 2147483647;
			files = (
			);
			inputPaths = (
				"${PODS_PODFILE_DIR_PATH}/Podfile.lock",
				"${PODS_ROOT}/Manifest.lock",
			);
			name = "[CP] Check Pods Manifest.lock";
			outputPaths = (
				"$(DERIVED_FILE_DIR)/Pods-Clima-checkManifestLockResult.txt",
			);
			runOnlyForDeploymentPostprocessing = 0;
			shellPath = /bin/sh;
			shellScript = "diff \"${PODS_PODFILE_DIR_PATH}/Podfile.lock\" \"${PODS_ROOT}/Manifest.lock\" > /dev/null\nif [ $? != 0 ] ; then\n    # print error to STDERR\n    echo \"error: The sandbox is not in sync with the Podfile.lock. Run 'pod install' or update your CocoaPods installation.\" >&2\n    exit 1\nfi\n# This output is used by Xcode 'outputs' to avoid re-running this script phase.\necho \"SUCCESS\" > \"${SCRIPT_OUTPUT_FILE_0}\"\n";
			showEnvVarsInLog = 0;
		};
		DB721C33F4B0DF4D7F0F34EA /* [CP] Copy Pods Resources */ = {
			isa = PBXShellScriptBuildPhase;
			buildActionMask = 2147483647;
			files = (
			);
			inputPaths = (
			);
			name = "[CP] Copy Pods Resources";
			outputPaths = (
			);
			runOnlyForDeploymentPostprocessing = 0;
			shellPath = /bin/sh;
			shellScript = "\"${SRCROOT}/Pods/Target Support Files/Pods-Clima/Pods-Clima-resources.sh\"\n";
			showEnvVarsInLog = 0;
		};
/* End PBXShellScriptBuildPhase section */

/* Begin PBXSourcesBuildPhase section */
		A765CACB205C0B00004367BC /* Sources */ = {
			isa = PBXSourcesBuildPhase;
			buildActionMask = 2147483647;
			files = (
				A765CAD5205C0B00004367BC /* ChangeCityViewController.swift in Sources */,
				A765CAEB205C5D13004367BC /* WeatherDataModel.swift in Sources */,
				A765CAE9205C5CA6004367BC /* WeatherViewController.swift in Sources */,
				A765CAD3205C0B00004367BC /* AppDelegate.swift in Sources */,
			);
			runOnlyForDeploymentPostprocessing = 0;
		};
/* End PBXSourcesBuildPhase section */

/* Begin PBXVariantGroup section */
		A765CAD6205C0B00004367BC /* Main.storyboard */ = {
			isa = PBXVariantGroup;
			children = (
				A765CAD7205C0B00004367BC /* Base */,
			);
			name = Main.storyboard;
			sourceTree = "<group>";
		};
		A765CADB205C0B00004367BC /* LaunchScreen.storyboard */ = {
			isa = PBXVariantGroup;
			children = (
				A765CADC205C0B00004367BC /* Base */,
			);
			name = LaunchScreen.storyboard;
			sourceTree = "<group>";
		};
/* End PBXVariantGroup section */

/* Begin XCBuildConfiguration section */
		A765CADF205C0B00004367BC /* Debug */ = {
			isa = XCBuildConfiguration;
			buildSettings = {
				ALWAYS_SEARCH_USER_PATHS = NO;
				CLANG_ANALYZER_NONNULL = YES;
				CLANG_ANALYZER_NUMBER_OBJECT_CONVERSION = YES_AGGRESSIVE;
				CLANG_CXX_LANGUAGE_STANDARD = "gnu++14";
				CLANG_CXX_LIBRARY = "libc++";
				CLANG_ENABLE_MODULES = YES;
				CLANG_ENABLE_OBJC_ARC = YES;
				CLANG_WARN_BLOCK_CAPTURE_AUTORELEASING = YES;
				CLANG_WARN_BOOL_CONVERSION = YES;
				CLANG_WARN_COMMA = YES;
				CLANG_WARN_CONSTANT_CONVERSION = YES;
				CLANG_WARN_DIRECT_OBJC_ISA_USAGE = YES_ERROR;
				CLANG_WARN_DOCUMENTATION_COMMENTS = YES;
				CLANG_WARN_EMPTY_BODY = YES;
				CLANG_WARN_ENUM_CONVERSION = YES;
				CLANG_WARN_INFINITE_RECURSION = YES;
				CLANG_WARN_INT_CONVERSION = YES;
				CLANG_WARN_NON_LITERAL_NULL_CONVERSION = YES;
				CLANG_WARN_OBJC_LITERAL_CONVERSION = YES;
				CLANG_WARN_OBJC_ROOT_CLASS = YES_ERROR;
				CLANG_WARN_RANGE_LOOP_ANALYSIS = YES;
				CLANG_WARN_STRICT_PROTOTYPES = YES;
				CLANG_WARN_SUSPICIOUS_MOVE = YES;
				CLANG_WARN_UNGUARDED_AVAILABILITY = YES_AGGRESSIVE;
				CLANG_WARN_UNREACHABLE_CODE = YES;
				CLANG_WARN__DUPLICATE_METHOD_MATCH = YES;
				CODE_SIGN_IDENTITY = "iPhone Developer";
				COPY_PHASE_STRIP = NO;
				DEBUG_INFORMATION_FORMAT = dwarf;
				ENABLE_STRICT_OBJC_MSGSEND = YES;
				ENABLE_TESTABILITY = YES;
				GCC_C_LANGUAGE_STANDARD = gnu11;
				GCC_DYNAMIC_NO_PIC = NO;
				GCC_NO_COMMON_BLOCKS = YES;
				GCC_OPTIMIZATION_LEVEL = 0;
				GCC_PREPROCESSOR_DEFINITIONS = (
					"DEBUG=1",
					"$(inherited)",
				);
				GCC_WARN_64_TO_32_BIT_CONVERSION = YES;
				GCC_WARN_ABOUT_RETURN_TYPE = YES_ERROR;
				GCC_WARN_UNDECLARED_SELECTOR = YES;
				GCC_WARN_UNINITIALIZED_AUTOS = YES_AGGRESSIVE;
				GCC_WARN_UNUSED_FUNCTION = YES;
				GCC_WARN_UNUSED_VARIABLE = YES;
				IPHONEOS_DEPLOYMENT_TARGET = 11.2;
				MTL_ENABLE_DEBUG_INFO = YES;
				ONLY_ACTIVE_ARCH = YES;
				SDKROOT = iphoneos;
				SWIFT_ACTIVE_COMPILATION_CONDITIONS = DEBUG;
				SWIFT_OPTIMIZATION_LEVEL = "-Onone";
			};
			name = Debug;
		};
		A765CAE0205C0B00004367BC /* Release */ = {
			isa = XCBuildConfiguration;
			buildSettings = {
				ALWAYS_SEARCH_USER_PATHS = NO;
				CLANG_ANALYZER_NONNULL = YES;
				CLANG_ANALYZER_NUMBER_OBJECT_CONVERSION = YES_AGGRESSIVE;
				CLANG_CXX_LANGUAGE_STANDARD = "gnu++14";
				CLANG_CXX_LIBRARY = "libc++";
				CLANG_ENABLE_MODULES = YES;
				CLANG_ENABLE_OBJC_ARC = YES;
				CLANG_WARN_BLOCK_CAPTURE_AUTORELEASING = YES;
				CLANG_WARN_BOOL_CONVERSION = YES;
				CLANG_WARN_COMMA = YES;
				CLANG_WARN_CONSTANT_CONVERSION = YES;
				CLANG_WARN_DIRECT_OBJC_ISA_USAGE = YES_ERROR;
				CLANG_WARN_DOCUMENTATION_COMMENTS = YES;
				CLANG_WARN_EMPTY_BODY = YES;
				CLANG_WARN_ENUM_CONVERSION = YES;
				CLANG_WARN_INFINITE_RECURSION = YES;
				CLANG_WARN_INT_CONVERSION = YES;
				CLANG_WARN_NON_LITERAL_NULL_CONVERSION = YES;
				CLANG_WARN_OBJC_LITERAL_CONVERSION = YES;
				CLANG_WARN_OBJC_ROOT_CLASS = YES_ERROR;
				CLANG_WARN_RANGE_LOOP_ANALYSIS = YES;
				CLANG_WARN_STRICT_PROTOTYPES = YES;
				CLANG_WARN_SUSPICIOUS_MOVE = YES;
				CLANG_WARN_UNGUARDED_AVAILABILITY = YES_AGGRESSIVE;
				CLANG_WARN_UNREACHABLE_CODE = YES;
				CLANG_WARN__DUPLICATE_METHOD_MATCH = YES;
				CODE_SIGN_IDENTITY = "iPhone Developer";
				COPY_PHASE_STRIP = NO;
				DEBUG_INFORMATION_FORMAT = "dwarf-with-dsym";
				ENABLE_NS_ASSERTIONS = NO;
				ENABLE_STRICT_OBJC_MSGSEND = YES;
				GCC_C_LANGUAGE_STANDARD = gnu11;
				GCC_NO_COMMON_BLOCKS = YES;
				GCC_WARN_64_TO_32_BIT_CONVERSION = YES;
				GCC_WARN_ABOUT_RETURN_TYPE = YES_ERROR;
				GCC_WARN_UNDECLARED_SELECTOR = YES;
				GCC_WARN_UNINITIALIZED_AUTOS = YES_AGGRESSIVE;
				GCC_WARN_UNUSED_FUNCTION = YES;
				GCC_WARN_UNUSED_VARIABLE = YES;
				IPHONEOS_DEPLOYMENT_TARGET = 11.2;
				MTL_ENABLE_DEBUG_INFO = NO;
				SDKROOT = iphoneos;
				SWIFT_OPTIMIZATION_LEVEL = "-Owholemodule";
				VALIDATE_PRODUCT = YES;
			};
			name = Release;
		};
		A765CAE2205C0B00004367BC /* Debug */ = {
			isa = XCBuildConfiguration;
			baseConfigurationReference = C8CD648CE5C263DE251EDE0E /* Pods-Clima.debug.xcconfig */;
			buildSettings = {
				ASSETCATALOG_COMPILER_APPICON_NAME = AppIcon;
				CODE_SIGN_STYLE = Automatic;
				DEVELOPMENT_TEAM = VFR257B7LK;
				INFOPLIST_FILE = Clima/Info.plist;
				LD_RUNPATH_SEARCH_PATHS = "$(inherited) @executable_path/Frameworks";
				PRODUCT_BUNDLE_IDENTIFIER = fr.marionfanjaud.Clima;
				PRODUCT_NAME = "$(TARGET_NAME)";
				SWIFT_VERSION = 4.0;
				TARGETED_DEVICE_FAMILY = "1,2";
			};
			name = Debug;
		};
		A765CAE3205C0B00004367BC /* Release */ = {
			isa = XCBuildConfiguration;
			baseConfigurationReference = DBC6BAD0D40B6FD234F8C175 /* Pods-Clima.release.xcconfig */;
			buildSettings = {
				ASSETCATALOG_COMPILER_APPICON_NAME = AppIcon;
				CODE_SIGN_STYLE = Automatic;
				DEVELOPMENT_TEAM = VFR257B7LK;
				INFOPLIST_FILE = Clima/Info.plist;
				LD_RUNPATH_SEARCH_PATHS = "$(inherited) @executable_path/Frameworks";
				PRODUCT_BUNDLE_IDENTIFIER = fr.marionfanjaud.Clima;
				PRODUCT_NAME = "$(TARGET_NAME)";
				SWIFT_VERSION = 4.0;
				TARGETED_DEVICE_FAMILY = "1,2";
			};
			name = Release;
		};
/* End XCBuildConfiguration section */

/* Begin XCConfigurationList section */
		A765CACA205C0B00004367BC /* Build configuration list for PBXProject "Clima" */ = {
			isa = XCConfigurationList;
			buildConfigurations = (
				A765CADF205C0B00004367BC /* Debug */,
				A765CAE0205C0B00004367BC /* Release */,
			);
			defaultConfigurationIsVisible = 0;
			defaultConfigurationName = Release;
		};
		A765CAE1205C0B00004367BC /* Build configuration list for PBXNativeTarget "Clima" */ = {
			isa = XCConfigurationList;
			buildConfigurations = (
				A765CAE2205C0B00004367BC /* Debug */,
				A765CAE3205C0B00004367BC /* Release */,
			);
			defaultConfigurationIsVisible = 0;
			defaultConfigurationName = Release;
		};
/* End XCConfigurationList section */
	};
	rootObject = A765CAC7205C0B00004367BC /* Project object */;
}
